
Microsoft Visual Studio Solution File, Format Version 12.00
# Visual Studio 15
VisualStudioVersion = 15.0.27130.2036
MinimumVisualStudioVersion = 10.0.40219.1
Project("{8BC9CEB8-8B4A-11D0-8D11-00A0C91BC942}") = "windows", "windows\windows.vcxproj", "{65B1B4C4-37D7-4926-8084-6CA145E8B3DE}"
EndProject
Project("{8BC9CEB8-8B4A-11D0-8D11-00A0C91BC942}") = "C++17", "C++17\C++17.vcxproj", "{B8F063E6-039A-43A5-935C-EF14E5EE670C}"
EndProject
Project("{8BC9CEB8-8B4A-11D0-8D11-00A0C91BC942}") = "Cpp17", "Cplusplus17\Cplusplus17.vcxproj", "{9FDEF6F7-CAB7-4EBE-BC61-8B1E496CDEBD}"
EndProject
Project("{8BC9CEB8-8B4A-11D0-8D11-00A0C91BC942}") = "folly", "folly\folly.vcxproj", "{E6CBD3CF-ADC6-460A-A281-A99BA35FE543}"
EndProject
Project("{8BC9CEB8-8B4A-11D0-8D11-00A0C91BC942}") = "MInterface", "MInterface\MInterface.vcxproj", "{4A494FD8-698B-481D-BD85-F2C63454CD20}"
EndProject
Global
	GlobalSection(SolutionConfigurationPlatforms) = preSolution
		Debug|ARM = Debug|ARM
		Debug|x64 = Debug|x64
		Debug|x86 = Debug|x86
		Release|ARM = Release|ARM
		Release|x64 = Release|x64
		Release|x86 = Release|x86
	EndGlobalSection
	GlobalSection(ProjectConfigurationPlatforms) = postSolution
		{65B1B4C4-37D7-4926-8084-6CA145E8B3DE}.Debug|ARM.ActiveCfg = Debug|Win32
		{65B1B4C4-37D7-4926-8084-6CA145E8B3DE}.Debug|x64.ActiveCfg = Debug|x64
		{65B1B4C4-37D7-4926-8084-6CA145E8B3DE}.Debug|x64.Build.0 = Debug|x64
		{65B1B4C4-37D7-4926-8084-6CA145E8B3DE}.Debug|x86.ActiveCfg = Debug|Win32
		{65B1B4C4-37D7-4926-8084-6CA145E8B3DE}.Debug|x86.Build.0 = Debug|Win32
		{65B1B4C4-37D7-4926-8084-6CA145E8B3DE}.Release|ARM.ActiveCfg = Release|Win32
		{65B1B4C4-37D7-4926-8084-6CA145E8B3DE}.Release|x64.ActiveCfg = Release|x64
		{65B1B4C4-37D7-4926-8084-6CA145E8B3DE}.Release|x64.Build.0 = Release|x64
		{65B1B4C4-37D7-4926-8084-6CA145E8B3DE}.Release|x86.ActiveCfg = Release|Win32
		{65B1B4C4-37D7-4926-8084-6CA145E8B3DE}.Release|x86.Build.0 = Release|Win32
		{B8F063E6-039A-43A5-935C-EF14E5EE670C}.Debug|ARM.ActiveCfg = Debug|Win32
		{B8F063E6-039A-43A5-935C-EF14E5EE670C}.Debug|x64.ActiveCfg = Debug|x64
		{B8F063E6-039A-43A5-935C-EF14E5EE670C}.Debug|x64.Build.0 = Debug|x64
		{B8F063E6-039A-43A5-935C-EF14E5EE670C}.Debug|x86.ActiveCfg = Debug|Win32
		{B8F063E6-039A-43A5-935C-EF14E5EE670C}.Debug|x86.Build.0 = Debug|Win32
		{B8F063E6-039A-43A5-935C-EF14E5EE670C}.Release|ARM.ActiveCfg = Release|Win32
		{B8F063E6-039A-43A5-935C-EF14E5EE670C}.Release|x64.ActiveCfg = Release|x64
		{B8F063E6-039A-43A5-935C-EF14E5EE670C}.Release|x64.Build.0 = Release|x64
		{B8F063E6-039A-43A5-935C-EF14E5EE670C}.Release|x86.ActiveCfg = Release|Win32
		{B8F063E6-039A-43A5-935C-EF14E5EE670C}.Release|x86.Build.0 = Release|Win32
		{9FDEF6F7-CAB7-4EBE-BC61-8B1E496CDEBD}.Debug|ARM.ActiveCfg = Debug|ARM
		{9FDEF6F7-CAB7-4EBE-BC61-8B1E496CDEBD}.Debug|ARM.Build.0 = Debug|ARM
		{9FDEF6F7-CAB7-4EBE-BC61-8B1E496CDEBD}.Debug|x64.ActiveCfg = Debug|x64
		{9FDEF6F7-CAB7-4EBE-BC61-8B1E496CDEBD}.Debug|x64.Build.0 = Debug|x64
		{9FDEF6F7-CAB7-4EBE-BC61-8B1E496CDEBD}.Debug|x86.ActiveCfg = Debug|x86
		{9FDEF6F7-CAB7-4EBE-BC61-8B1E496CDEBD}.Debug|x86.Build.0 = Debug|x86
		{9FDEF6F7-CAB7-4EBE-BC61-8B1E496CDEBD}.Release|ARM.ActiveCfg = Release|ARM
		{9FDEF6F7-CAB7-4EBE-BC61-8B1E496CDEBD}.Release|ARM.Build.0 = Release|ARM
		{9FDEF6F7-CAB7-4EBE-BC61-8B1E496CDEBD}.Release|x64.ActiveCfg = Release|x64
		{9FDEF6F7-CAB7-4EBE-BC61-8B1E496CDEBD}.Release|x64.Build.0 = Release|x64
		{9FDEF6F7-CAB7-4EBE-BC61-8B1E496CDEBD}.Release|x86.ActiveCfg = Release|x86
		{9FDEF6F7-CAB7-4EBE-BC61-8B1E496CDEBD}.Release|x86.Build.0 = Release|x86
		{E6CBD3CF-ADC6-460A-A281-A99BA35FE543}.Debug|ARM.ActiveCfg = Debug|ARM
		{E6CBD3CF-ADC6-460A-A281-A99BA35FE543}.Debug|ARM.Build.0 = Debug|ARM
		{E6CBD3CF-ADC6-460A-A281-A99BA35FE543}.Debug|x64.ActiveCfg = Debug|x64
		{E6CBD3CF-ADC6-460A-A281-A99BA35FE543}.Debug|x64.Build.0 = Debug|x64
		{E6CBD3CF-ADC6-460A-A281-A99BA35FE543}.Debug|x86.ActiveCfg = Debug|x86
		{E6CBD3CF-ADC6-460A-A281-A99BA35FE543}.Debug|x86.Build.0 = Debug|x86
		{E6CBD3CF-ADC6-460A-A281-A99BA35FE543}.Release|ARM.ActiveCfg = Release|ARM
		{E6CBD3CF-ADC6-460A-A281-A99BA35FE543}.Release|ARM.Build.0 = Release|ARM
		{E6CBD3CF-ADC6-460A-A281-A99BA35FE543}.Release|x64.ActiveCfg = Release|x64
		{E6CBD3CF-ADC6-460A-A281-A99BA35FE543}.Release|x64.Build.0 = Release|x64
		{E6CBD3CF-ADC6-460A-A281-A99BA35FE543}.Release|x86.ActiveCfg = Release|x86
		{E6CBD3CF-ADC6-460A-A281-A99BA35FE543}.Release|x86.Build.0 = Release|x86
		{4A494FD8-698B-481D-BD85-F2C63454CD20}.Debug|ARM.ActiveCfg = Debug|Win32
		{4A494FD8-698B-481D-BD85-F2C63454CD20}.Debug|x64.ActiveCfg = Debug|x64
		{4A494FD8-698B-481D-BD85-F2C63454CD20}.Debug|x64.Build.0 = Debug|x64
		{4A494FD8-698B-481D-BD85-F2C63454CD20}.Debug|x86.ActiveCfg = Debug|Win32
		{4A494FD8-698B-481D-BD85-F2C63454CD20}.Debug|x86.Build.0 = Debug|Win32
		{4A494FD8-698B-481D-BD85-F2C63454CD20}.Release|ARM.ActiveCfg = Release|Win32
		{4A494FD8-698B-481D-BD85-F2C63454CD20}.Release|x64.ActiveCfg = Release|x64
		{4A494FD8-698B-481D-BD85-F2C63454CD20}.Release|x64.Build.0 = Release|x64
		{4A494FD8-698B-481D-BD85-F2C63454CD20}.Release|x86.ActiveCfg = Release|Win32
		{4A494FD8-698B-481D-BD85-F2C63454CD20}.Release|x86.Build.0 = Release|Win32
	EndGlobalSection
	GlobalSection(SolutionProperties) = preSolution
		HideSolutionNode = FALSE
	EndGlobalSection
	GlobalSection(ExtensibilityGlobals) = postSolution
		SolutionGuid = {6C388EDB-D3C3-47D8-9A9D-23C1D7437A8F}
	EndGlobalSection
EndGlobal
