
Microsoft Visual Studio Solution File, Format Version 12.00
# Visual Studio 15
VisualStudioVersion = 15.0.27130.2020
MinimumVisualStudioVersion = 10.0.40219.1
Project("{8BC9CEB8-8B4A-11D0-8D11-00A0C91BC942}") = "folly", "folly\folly.vcxproj", "{E6CBD3CF-ADC6-460A-A281-A99BA35FE543}"
EndProject
Project("{8BC9CEB8-8B4A-11D0-8D11-00A0C91BC942}") = "rangeV3", "rangeV3\rangeV3.vcxproj", "{835ED37C-20EA-4DDD-88F8-4EA7AA04C0FB}"
EndProject
Project("{8BC9CEB8-8B4A-11D0-8D11-00A0C91BC942}") = "hana", "hana\hana.vcxproj", "{22DEC5A1-457F-4846-B2D5-9828005EC870}"
EndProject
Project("{8BC9CEB8-8B4A-11D0-8D11-00A0C91BC942}") = "windows", "windows\windows.vcxproj", "{65B1B4C4-37D7-4926-8084-6CA145E8B3DE}"
EndProject
Global
	GlobalSection(SolutionConfigurationPlatforms) = preSolution
		Debug|ARM = Debug|ARM
		Debug|x64 = Debug|x64
		Debug|x86 = Debug|x86
		Release|ARM = Release|ARM
		Release|x64 = Release|x64
		Release|x86 = Release|x86
	EndGlobalSection
	GlobalSection(ProjectConfigurationPlatforms) = postSolution
		{E6CBD3CF-ADC6-460A-A281-A99BA35FE543}.Debug|ARM.ActiveCfg = Debug|ARM
		{E6CBD3CF-ADC6-460A-A281-A99BA35FE543}.Debug|ARM.Build.0 = Debug|ARM
		{E6CBD3CF-ADC6-460A-A281-A99BA35FE543}.Debug|x64.ActiveCfg = Debug|x64
		{E6CBD3CF-ADC6-460A-A281-A99BA35FE543}.Debug|x64.Build.0 = Debug|x64
		{E6CBD3CF-ADC6-460A-A281-A99BA35FE543}.Debug|x86.ActiveCfg = Debug|x86
		{E6CBD3CF-ADC6-460A-A281-A99BA35FE543}.Debug|x86.Build.0 = Debug|x86
		{E6CBD3CF-ADC6-460A-A281-A99BA35FE543}.Release|ARM.ActiveCfg = Release|ARM
		{E6CBD3CF-ADC6-460A-A281-A99BA35FE543}.Release|ARM.Build.0 = Release|ARM
		{E6CBD3CF-ADC6-460A-A281-A99BA35FE543}.Release|x64.ActiveCfg = Release|x64
		{E6CBD3CF-ADC6-460A-A281-A99BA35FE543}.Release|x64.Build.0 = Release|x64
		{E6CBD3CF-ADC6-460A-A281-A99BA35FE543}.Release|x86.ActiveCfg = Release|x86
		{E6CBD3CF-ADC6-460A-A281-A99BA35FE543}.Release|x86.Build.0 = Release|x86
		{835ED37C-20EA-4DDD-88F8-4EA7AA04C0FB}.Debug|ARM.ActiveCfg = Debug|ARM
		{835ED37C-20EA-4DDD-88F8-4EA7AA04C0FB}.Debug|ARM.Build.0 = Debug|ARM
		{835ED37C-20EA-4DDD-88F8-4EA7AA04C0FB}.Debug|x64.ActiveCfg = Debug|x64
		{835ED37C-20EA-4DDD-88F8-4EA7AA04C0FB}.Debug|x64.Build.0 = Debug|x64
		{835ED37C-20EA-4DDD-88F8-4EA7AA04C0FB}.Debug|x86.ActiveCfg = Debug|x86
		{835ED37C-20EA-4DDD-88F8-4EA7AA04C0FB}.Debug|x86.Build.0 = Debug|x86
		{835ED37C-20EA-4DDD-88F8-4EA7AA04C0FB}.Release|ARM.ActiveCfg = Release|ARM
		{835ED37C-20EA-4DDD-88F8-4EA7AA04C0FB}.Release|ARM.Build.0 = Release|ARM
		{835ED37C-20EA-4DDD-88F8-4EA7AA04C0FB}.Release|x64.ActiveCfg = Release|x64
		{835ED37C-20EA-4DDD-88F8-4EA7AA04C0FB}.Release|x64.Build.0 = Release|x64
		{835ED37C-20EA-4DDD-88F8-4EA7AA04C0FB}.Release|x86.ActiveCfg = Release|x86
		{835ED37C-20EA-4DDD-88F8-4EA7AA04C0FB}.Release|x86.Build.0 = Release|x86
		{22DEC5A1-457F-4846-B2D5-9828005EC870}.Debug|ARM.ActiveCfg = Debug|ARM
		{22DEC5A1-457F-4846-B2D5-9828005EC870}.Debug|ARM.Build.0 = Debug|ARM
		{22DEC5A1-457F-4846-B2D5-9828005EC870}.Debug|x64.ActiveCfg = Debug|x64
		{22DEC5A1-457F-4846-B2D5-9828005EC870}.Debug|x64.Build.0 = Debug|x64
		{22DEC5A1-457F-4846-B2D5-9828005EC870}.Debug|x86.ActiveCfg = Debug|x86
		{22DEC5A1-457F-4846-B2D5-9828005EC870}.Debug|x86.Build.0 = Debug|x86
		{22DEC5A1-457F-4846-B2D5-9828005EC870}.Release|ARM.ActiveCfg = Release|ARM
		{22DEC5A1-457F-4846-B2D5-9828005EC870}.Release|ARM.Build.0 = Release|ARM
		{22DEC5A1-457F-4846-B2D5-9828005EC870}.Release|x64.ActiveCfg = Release|x64
		{22DEC5A1-457F-4846-B2D5-9828005EC870}.Release|x64.Build.0 = Release|x64
		{22DEC5A1-457F-4846-B2D5-9828005EC870}.Release|x86.ActiveCfg = Release|x86
		{22DEC5A1-457F-4846-B2D5-9828005EC870}.Release|x86.Build.0 = Release|x86
		{65B1B4C4-37D7-4926-8084-6CA145E8B3DE}.Debug|ARM.ActiveCfg = Debug|Win32
		{65B1B4C4-37D7-4926-8084-6CA145E8B3DE}.Debug|x64.ActiveCfg = Debug|x64
		{65B1B4C4-37D7-4926-8084-6CA145E8B3DE}.Debug|x64.Build.0 = Debug|x64
		{65B1B4C4-37D7-4926-8084-6CA145E8B3DE}.Debug|x86.ActiveCfg = Debug|Win32
		{65B1B4C4-37D7-4926-8084-6CA145E8B3DE}.Debug|x86.Build.0 = Debug|Win32
		{65B1B4C4-37D7-4926-8084-6CA145E8B3DE}.Release|ARM.ActiveCfg = Release|Win32
		{65B1B4C4-37D7-4926-8084-6CA145E8B3DE}.Release|x64.ActiveCfg = Release|x64
		{65B1B4C4-37D7-4926-8084-6CA145E8B3DE}.Release|x64.Build.0 = Release|x64
		{65B1B4C4-37D7-4926-8084-6CA145E8B3DE}.Release|x86.ActiveCfg = Release|Win32
		{65B1B4C4-37D7-4926-8084-6CA145E8B3DE}.Release|x86.Build.0 = Release|Win32
	EndGlobalSection
	GlobalSection(SolutionProperties) = preSolution
		HideSolutionNode = FALSE
	EndGlobalSection
	GlobalSection(ExtensibilityGlobals) = postSolution
		SolutionGuid = {6C388EDB-D3C3-47D8-9A9D-23C1D7437A8F}
	EndGlobalSection
EndGlobal
